{
  "name": "@rbxts/number-spinner",
  "version": "2021.5.22",
  "lockfileVersion": 2,
  "requires": true,
  "packages": {
    "": {
      "name": "@rbxts/number-spinner",
      "version": "2021.5.22",
      "license": "MIT",
      "devDependencies": {
        "@rbxts/compiler-types": "^1.2.7-types.1",
        "@rbxts/types": "^1.0.553",
        "typescript": "^4.5.2"
      }
    },
    "node_modules/@rbxts/compiler-types": {
      "version": "1.2.7-types.1",
      "resolved": "https://registry.npmjs.org/@rbxts/compiler-types/-/compiler-types-1.2.7-types.1.tgz",
      "integrity": "sha512-zr3QIJDgLN2dyPYSy4QwDRiZDm8BwQeUE8tsglPDgbVLJonaK7+PAqb1hoqZJ3ReQdZUElSKru9yAfI1Z0MOug==",
      "dev": true
    },
    "node_modules/@rbxts/types": {
      "version": "1.0.556",
      "resolved": "https://registry.npmjs.org/@rbxts/types/-/types-1.0.556.tgz",
      "integrity": "sha512-PiesJOLhgE0MFd46lfnBaBEm56ZBPVQEQf6re2vOqisYN9v1GuZkRJe4qzL25Xbq+3lyThSWY3xeIQ9dcHJ4gw==",
      "dev": true
    },
    "node_modules/typescript": {
      "version": "4.5.2",
      "resolved": "https://registry.npmjs.org/typescript/-/typescript-4.5.2.tgz",
      "integrity": "sha512-5BlMof9H1yGt0P8/WF+wPNw6GfctgGjXp5hkblpyT+8rkASSmkUKMXrxR0Xg8ThVCi/JnHQiKXeBaEwCeQwMFw==",
      "dev": true,
      "bin": {
        "tsc": "bin/tsc",
        "tsserver": "bin/tsserver"
      },
      "engines": {
        "node": ">=4.2.0"
      }
    }
  },
  "dependencies": {
    "@rbxts/compiler-types": {
      "version": "1.2.7-types.1",
      "resolved": "https://registry.npmjs.org/@rbxts/compiler-types/-/compiler-types-1.2.7-types.1.tgz",
      "integrity": "sha512-zr3QIJDgLN2dyPYSy4QwDRiZDm8BwQeUE8tsglPDgbVLJonaK7+PAqb1hoqZJ3ReQdZUElSKru9yAfI1Z0MOug==",
      "dev": true
    },
    "@rbxts/types": {
      "version": "1.0.556",
      "resolved": "https://registry.npmjs.org/@rbxts/types/-/types-1.0.556.tgz",
      "integrity": "sha512-PiesJOLhgE0MFd46lfnBaBEm56ZBPVQEQf6re2vOqisYN9v1GuZkRJe4qzL25Xbq+3lyThSWY3xeIQ9dcHJ4gw==",
      "dev": true
    },
    "typescript": {
      "version": "4.5.2",
      "resolved": "https://registry.npmjs.org/typescript/-/typescript-4.5.2.tgz",
      "integrity": "sha512-5BlMof9H1yGt0P8/WF+wPNw6GfctgGjXp5hkblpyT+8rkASSmkUKMXrxR0Xg8ThVCi/JnHQiKXeBaEwCeQwMFw==",
      "dev": true
    }
  }
}
